// !$*UTF8*$!
{
	archiveVersion = 1;
	classes = {
	};
	objectVersion = 56;
	objects = {

/* Begin PBXBuildFile section */
		CE0532592B2387200038ECC5 /* BeetlesMapper.swift in Sources */ = {isa = PBXBuildFile; fileRef = CE0532582B2387200038ECC5 /* BeetlesMapper.swift */; };
		CE05325C2B2388080038ECC5 /* ObjectMapper in Frameworks */ = {isa = PBXBuildFile; productRef = CE05325B2B2388080038ECC5 /* ObjectMapper */; };
		CE2098362B64154600330BA3 /* Nuke in Frameworks */ = {isa = PBXBuildFile; productRef = CE2098352B64154600330BA3 /* Nuke */; settings = {ATTRIBUTES = (Required, ); }; };
		CE20983B2B6434E300330BA3 /* Kingfisher in Frameworks */ = {isa = PBXBuildFile; productRef = CE20983A2B6434E300330BA3 /* Kingfisher */; };
		CE31D5FF2BC2DAA300DB8659 /* LogInController.swift in Sources */ = {isa = PBXBuildFile; fileRef = CE31D5FE2BC2DAA300DB8659 /* LogInController.swift */; };
		CE31D6012BC2DDE400DB8659 /* FirebaseAuth in Frameworks */ = {isa = PBXBuildFile; productRef = CE31D6002BC2DDE400DB8659 /* FirebaseAuth */; };
		CE31D6042BC2EC4100DB8659 /* ProfileController.swift in Sources */ = {isa = PBXBuildFile; fileRef = CE31D6032BC2EC4100DB8659 /* ProfileController.swift */; };
		CE3273AF2B20BB1B008379B4 /* FirebaseDatabase in Frameworks */ = {isa = PBXBuildFile; productRef = CE3273AE2B20BB1B008379B4 /* FirebaseDatabase */; };
		CE33C4C52B66E6C5003A057F /* Lottie in Frameworks */ = {isa = PBXBuildFile; productRef = CE33C4C42B66E6C5003A057F /* Lottie */; };
		CE33E9F52B3A0F9800304141 /* NukeExtensions in Frameworks */ = {isa = PBXBuildFile; productRef = CE33E9F42B3A0F9800304141 /* NukeExtensions */; };
		CE33E9F72B3A0F9800304141 /* NukeUI in Frameworks */ = {isa = PBXBuildFile; productRef = CE33E9F62B3A0F9800304141 /* NukeUI */; };
		CE41F1902B799DD400C10337 /* beetle-launching.png in Resources */ = {isa = PBXBuildFile; fileRef = CE41F18F2B799DD400C10337 /* beetle-launching.png */; };
		CE41F1922B799F3100C10337 /* beetle-logo-black.png in Resources */ = {isa = PBXBuildFile; fileRef = CE41F1912B799F3100C10337 /* beetle-logo-black.png */; };
		CE41F1942B79A07400C10337 /* app-icon.png in Resources */ = {isa = PBXBuildFile; fileRef = CE41F1932B79A07400C10337 /* app-icon.png */; };
		CE7230F12BCF1C10000DC255 /* InfoHowToSaveController.swift in Sources */ = {isa = PBXBuildFile; fileRef = CE7230F02BCF1C10000DC255 /* InfoHowToSaveController.swift */; };
		CE7E98262B850B2400A145BA /* swipe-example.json in Resources */ = {isa = PBXBuildFile; fileRef = CE7E98252B850B2400A145BA /* swipe-example.json */; };
		CE7E98282B851DA000A145BA /* NavigatedBeetleViewControllerFromTableVIew.swift in Sources */ = {isa = PBXBuildFile; fileRef = CE7E98272B851DA000A145BA /* NavigatedBeetleViewControllerFromTableVIew.swift */; };
		CE91AAF92BA789EA007A11A9 /* PageViewController.swift in Sources */ = {isa = PBXBuildFile; fileRef = CE91AAF82BA789EA007A11A9 /* PageViewController.swift */; };
		CE91AAFC2BA78A24007A11A9 /* FirstPage.swift in Sources */ = {isa = PBXBuildFile; fileRef = CE91AAFB2BA78A24007A11A9 /* FirstPage.swift */; };
		CE91AAFE2BA78A6B007A11A9 /* InfoScreen.swift in Sources */ = {isa = PBXBuildFile; fileRef = CE91AAFD2BA78A6B007A11A9 /* InfoScreen.swift */; };
		CE91AB002BA79061007A11A9 /* SecondViewController.swift in Sources */ = {isa = PBXBuildFile; fileRef = CE91AAFF2BA79061007A11A9 /* SecondViewController.swift */; };
		CE9AF5652B6065EC00F0D3E4 /* BeetlesCollectionController.swift in Sources */ = {isa = PBXBuildFile; fileRef = CE9AF5642B6065EC00F0D3E4 /* BeetlesCollectionController.swift */; };
		CE9AF5672B6066A900F0D3E4 /* BeetleColletionCell.swift in Sources */ = {isa = PBXBuildFile; fileRef = CE9AF5662B6066A900F0D3E4 /* BeetleColletionCell.swift */; };
		CE9AF5692B60685200F0D3E4 /* NavigatedBeetlesInfo.swift in Sources */ = {isa = PBXBuildFile; fileRef = CE9AF5682B60685200F0D3E4 /* NavigatedBeetlesInfo.swift */; };
		CE9FA6632B813B040023DBD0 /* SavedBeetleController.swift in Sources */ = {isa = PBXBuildFile; fileRef = CE9FA6622B813B040023DBD0 /* SavedBeetleController.swift */; };
		CE9FA6652B813CA30023DBD0 /* BeetleTableVIewCell.swift in Sources */ = {isa = PBXBuildFile; fileRef = CE9FA6642B813CA30023DBD0 /* BeetleTableVIewCell.swift */; };
		CE9FA66A2B814AED0023DBD0 /* fetchingImage.swift in Sources */ = {isa = PBXBuildFile; fileRef = CE9FA6692B814AED0023DBD0 /* fetchingImage.swift */; };
		CEB8EA6F2BCC5CE200178CE9 /* DiscoverController.swift in Sources */ = {isa = PBXBuildFile; fileRef = CEB8EA6E2BCC5CE100178CE9 /* DiscoverController.swift */; };
		CEBCA9A62B1FD5050048E4FF /* FirebaseFirestore in Frameworks */ = {isa = PBXBuildFile; productRef = CEBCA9A52B1FD5050048E4FF /* FirebaseFirestore */; };
		CEBE556E2BB9ABA700FAC922 /* ViewAnimator in Frameworks */ = {isa = PBXBuildFile; productRef = CEBE556D2BB9ABA700FAC922 /* ViewAnimator */; };
		CEBE55712BB9B4A300FAC922 /* RegistrationController.swift in Sources */ = {isa = PBXBuildFile; fileRef = CEBE55702BB9B4A300FAC922 /* RegistrationController.swift */; };
		CEC80B1C2B6997F50068526C /* AboutUsPageController.swift in Sources */ = {isa = PBXBuildFile; fileRef = CEC80B1B2B6997F50068526C /* AboutUsPageController.swift */; };
		CEC80B1E2B699CF60068526C /* learn-new.json in Resources */ = {isa = PBXBuildFile; fileRef = CEC80B1D2B699CF60068526C /* learn-new.json */; };
		CECAE9EC2B14BD240063DFD0 /* AppDelegate.swift in Sources */ = {isa = PBXBuildFile; fileRef = CECAE9EB2B14BD240063DFD0 /* AppDelegate.swift */; };
		CECAE9EE2B14BD240063DFD0 /* SceneDelegate.swift in Sources */ = {isa = PBXBuildFile; fileRef = CECAE9ED2B14BD240063DFD0 /* SceneDelegate.swift */; };
		CECAE9F32B14BD240063DFD0 /* Main.storyboard in Resources */ = {isa = PBXBuildFile; fileRef = CECAE9F12B14BD240063DFD0 /* Main.storyboard */; };
		CECAE9F52B14BD260063DFD0 /* Assets.xcassets in Resources */ = {isa = PBXBuildFile; fileRef = CECAE9F42B14BD260063DFD0 /* Assets.xcassets */; };
		CECAE9F82B14BD260063DFD0 /* LaunchScreen.storyboard in Resources */ = {isa = PBXBuildFile; fileRef = CECAE9F62B14BD260063DFD0 /* LaunchScreen.storyboard */; };
		CECAEA032B14BD260063DFD0 /* BomkTests.swift in Sources */ = {isa = PBXBuildFile; fileRef = CECAEA022B14BD260063DFD0 /* BomkTests.swift */; };
		CECAEA0D2B14BD260063DFD0 /* BomkUITests.swift in Sources */ = {isa = PBXBuildFile; fileRef = CECAEA0C2B14BD260063DFD0 /* BomkUITests.swift */; };
		CECAEA0F2B14BD260063DFD0 /* BomkUITestsLaunchTests.swift in Sources */ = {isa = PBXBuildFile; fileRef = CECAEA0E2B14BD260063DFD0 /* BomkUITestsLaunchTests.swift */; };
		CECAEA1C2B14BDB00063DFD0 /* GoogleService-Info.plist in Resources */ = {isa = PBXBuildFile; fileRef = CECAEA1B2B14BDB00063DFD0 /* GoogleService-Info.plist */; };
		CECAEA1F2B14BF3A0063DFD0 /* FirebaseAnalytics in Frameworks */ = {isa = PBXBuildFile; productRef = CECAEA1E2B14BF3A0063DFD0 /* FirebaseAnalytics */; };
		CEF9C7A32B7A5624009FD090 /* loading-beetle.png in Resources */ = {isa = PBXBuildFile; fileRef = CEF9C7A22B7A5624009FD090 /* loading-beetle.png */; };
		CEFB50872B62B6E9000D634A /* InforAboutNewContentTabBar.swift in Sources */ = {isa = PBXBuildFile; fileRef = CEFB50862B62B6E8000D634A /* InforAboutNewContentTabBar.swift */; };
		CEFDBB5E2B6BDB980067371A /* TitlleNavigatedItem.swift in Sources */ = {isa = PBXBuildFile; fileRef = CEFDBB5D2B6BDB980067371A /* TitlleNavigatedItem.swift */; };
/* End PBXBuildFile section */

/* Begin PBXContainerItemProxy section */
		CECAE9FF2B14BD260063DFD0 /* PBXContainerItemProxy */ = {
			isa = PBXContainerItemProxy;
			containerPortal = CECAE9E02B14BD240063DFD0 /* Project object */;
			proxyType = 1;
			remoteGlobalIDString = CECAE9E72B14BD240063DFD0;
			remoteInfo = Bomk;
		};
		CECAEA092B14BD260063DFD0 /* PBXContainerItemProxy */ = {
			isa = PBXContainerItemProxy;
			containerPortal = CECAE9E02B14BD240063DFD0 /* Project object */;
			proxyType = 1;
			remoteGlobalIDString = CECAE9E72B14BD240063DFD0;
			remoteInfo = Bomk;
		};
/* End PBXContainerItemProxy section */

/* Begin PBXFileReference section */
		CE0532582B2387200038ECC5 /* BeetlesMapper.swift */ = {isa = PBXFileReference; lastKnownFileType = sourcecode.swift; path = BeetlesMapper.swift; sourceTree = "<group>"; };
		CE31D5FE2BC2DAA300DB8659 /* LogInController.swift */ = {isa = PBXFileReference; lastKnownFileType = sourcecode.swift; path = LogInController.swift; sourceTree = "<group>"; };
		CE31D6032BC2EC4100DB8659 /* ProfileController.swift */ = {isa = PBXFileReference; lastKnownFileType = sourcecode.swift; path = ProfileController.swift; sourceTree = "<group>"; };
		CE41F18F2B799DD400C10337 /* beetle-launching.png */ = {isa = PBXFileReference; lastKnownFileType = image.png; path = "beetle-launching.png"; sourceTree = "<group>"; };
		CE41F1912B799F3100C10337 /* beetle-logo-black.png */ = {isa = PBXFileReference; lastKnownFileType = image.png; path = "beetle-logo-black.png"; sourceTree = "<group>"; };
		CE41F1932B79A07400C10337 /* app-icon.png */ = {isa = PBXFileReference; lastKnownFileType = image.png; path = "app-icon.png"; sourceTree = "<group>"; };
		CE7230F02BCF1C10000DC255 /* InfoHowToSaveController.swift */ = {isa = PBXFileReference; lastKnownFileType = sourcecode.swift; path = InfoHowToSaveController.swift; sourceTree = "<group>"; };
		CE7E98252B850B2400A145BA /* swipe-example.json */ = {isa = PBXFileReference; fileEncoding = 4; lastKnownFileType = text.json; path = "swipe-example.json"; sourceTree = "<group>"; };
		CE7E98272B851DA000A145BA /* NavigatedBeetleViewControllerFromTableVIew.swift */ = {isa = PBXFileReference; lastKnownFileType = sourcecode.swift; path = NavigatedBeetleViewControllerFromTableVIew.swift; sourceTree = "<group>"; };
		CE91AAF82BA789EA007A11A9 /* PageViewController.swift */ = {isa = PBXFileReference; lastKnownFileType = sourcecode.swift; path = PageViewController.swift; sourceTree = "<group>"; };
		CE91AAFB2BA78A24007A11A9 /* FirstPage.swift */ = {isa = PBXFileReference; lastKnownFileType = sourcecode.swift; path = FirstPage.swift; sourceTree = "<group>"; };
		CE91AAFD2BA78A6B007A11A9 /* InfoScreen.swift */ = {isa = PBXFileReference; lastKnownFileType = sourcecode.swift; path = InfoScreen.swift; sourceTree = "<group>"; };
		CE91AAFF2BA79061007A11A9 /* SecondViewController.swift */ = {isa = PBXFileReference; lastKnownFileType = sourcecode.swift; path = SecondViewController.swift; sourceTree = "<group>"; };
		CE9AF5642B6065EC00F0D3E4 /* BeetlesCollectionController.swift */ = {isa = PBXFileReference; lastKnownFileType = sourcecode.swift; path = BeetlesCollectionController.swift; sourceTree = "<group>"; };
		CE9AF5662B6066A900F0D3E4 /* BeetleColletionCell.swift */ = {isa = PBXFileReference; lastKnownFileType = sourcecode.swift; path = BeetleColletionCell.swift; sourceTree = "<group>"; };
		CE9AF5682B60685200F0D3E4 /* NavigatedBeetlesInfo.swift */ = {isa = PBXFileReference; lastKnownFileType = sourcecode.swift; path = NavigatedBeetlesInfo.swift; sourceTree = "<group>"; };
		CE9FA6622B813B040023DBD0 /* SavedBeetleController.swift */ = {isa = PBXFileReference; lastKnownFileType = sourcecode.swift; path = SavedBeetleController.swift; sourceTree = "<group>"; };
		CE9FA6642B813CA30023DBD0 /* BeetleTableVIewCell.swift */ = {isa = PBXFileReference; lastKnownFileType = sourcecode.swift; path = BeetleTableVIewCell.swift; sourceTree = "<group>"; };
		CE9FA6692B814AED0023DBD0 /* fetchingImage.swift */ = {isa = PBXFileReference; lastKnownFileType = sourcecode.swift; path = fetchingImage.swift; sourceTree = "<group>"; };
		CEB8EA6E2BCC5CE100178CE9 /* DiscoverController.swift */ = {isa = PBXFileReference; lastKnownFileType = sourcecode.swift; path = DiscoverController.swift; sourceTree = "<group>"; };
		CEBE55702BB9B4A300FAC922 /* RegistrationController.swift */ = {isa = PBXFileReference; lastKnownFileType = sourcecode.swift; path = RegistrationController.swift; sourceTree = "<group>"; };
		CEC80B1B2B6997F50068526C /* AboutUsPageController.swift */ = {isa = PBXFileReference; lastKnownFileType = sourcecode.swift; path = AboutUsPageController.swift; sourceTree = "<group>"; };
		CEC80B1D2B699CF60068526C /* learn-new.json */ = {isa = PBXFileReference; fileEncoding = 4; lastKnownFileType = text.json; path = "learn-new.json"; sourceTree = "<group>"; };
		CECAE9E82B14BD240063DFD0 /* Bomk.app */ = {isa = PBXFileReference; explicitFileType = wrapper.application; includeInIndex = 0; path = Bomk.app; sourceTree = BUILT_PRODUCTS_DIR; };
		CECAE9EB2B14BD240063DFD0 /* AppDelegate.swift */ = {isa = PBXFileReference; lastKnownFileType = sourcecode.swift; path = AppDelegate.swift; sourceTree = "<group>"; };
		CECAE9ED2B14BD240063DFD0 /* SceneDelegate.swift */ = {isa = PBXFileReference; lastKnownFileType = sourcecode.swift; path = SceneDelegate.swift; sourceTree = "<group>"; };
		CECAE9F22B14BD240063DFD0 /* Base */ = {isa = PBXFileReference; lastKnownFileType = file.storyboard; name = Base; path = Base.lproj/Main.storyboard; sourceTree = "<group>"; };
		CECAE9F42B14BD260063DFD0 /* Assets.xcassets */ = {isa = PBXFileReference; lastKnownFileType = folder.assetcatalog; path = Assets.xcassets; sourceTree = "<group>"; };
		CECAE9F72B14BD260063DFD0 /* Base */ = {isa = PBXFileReference; lastKnownFileType = file.storyboard; name = Base; path = Base.lproj/LaunchScreen.storyboard; sourceTree = "<group>"; };
		CECAE9F92B14BD260063DFD0 /* Info.plist */ = {isa = PBXFileReference; lastKnownFileType = text.plist.xml; path = Info.plist; sourceTree = "<group>"; };
		CECAE9FE2B14BD260063DFD0 /* BomkTests.xctest */ = {isa = PBXFileReference; explicitFileType = wrapper.cfbundle; includeInIndex = 0; path = BomkTests.xctest; sourceTree = BUILT_PRODUCTS_DIR; };
		CECAEA022B14BD260063DFD0 /* BomkTests.swift */ = {isa = PBXFileReference; lastKnownFileType = sourcecode.swift; path = BomkTests.swift; sourceTree = "<group>"; };
		CECAEA082B14BD260063DFD0 /* BomkUITests.xctest */ = {isa = PBXFileReference; explicitFileType = wrapper.cfbundle; includeInIndex = 0; path = BomkUITests.xctest; sourceTree = BUILT_PRODUCTS_DIR; };
		CECAEA0C2B14BD260063DFD0 /* BomkUITests.swift */ = {isa = PBXFileReference; lastKnownFileType = sourcecode.swift; path = BomkUITests.swift; sourceTree = "<group>"; };
		CECAEA0E2B14BD260063DFD0 /* BomkUITestsLaunchTests.swift */ = {isa = PBXFileReference; lastKnownFileType = sourcecode.swift; path = BomkUITestsLaunchTests.swift; sourceTree = "<group>"; };
		CECAEA1B2B14BDB00063DFD0 /* GoogleService-Info.plist */ = {isa = PBXFileReference; fileEncoding = 4; lastKnownFileType = text.plist.xml; path = "GoogleService-Info.plist"; sourceTree = "<group>"; };
		CEF9C7A22B7A5624009FD090 /* loading-beetle.png */ = {isa = PBXFileReference; lastKnownFileType = image.png; path = "loading-beetle.png"; sourceTree = "<group>"; };
		CEFB50862B62B6E8000D634A /* InforAboutNewContentTabBar.swift */ = {isa = PBXFileReference; lastKnownFileType = sourcecode.swift; path = InforAboutNewContentTabBar.swift; sourceTree = "<group>"; };
		CEFDBB5D2B6BDB980067371A /* TitlleNavigatedItem.swift */ = {isa = PBXFileReference; lastKnownFileType = sourcecode.swift; path = TitlleNavigatedItem.swift; sourceTree = "<group>"; };
/* End PBXFileReference section */

/* Begin PBXFrameworksBuildPhase section */
		CECAE9E52B14BD240063DFD0 /* Frameworks */ = {
			isa = PBXFrameworksBuildPhase;
			buildActionMask = 2147483647;
			files = (
				CE05325C2B2388080038ECC5 /* ObjectMapper in Frameworks */,
				CE33E9F72B3A0F9800304141 /* NukeUI in Frameworks */,
				CE33C4C52B66E6C5003A057F /* Lottie in Frameworks */,
				CE2098362B64154600330BA3 /* Nuke in Frameworks */,
				CEBE556E2BB9ABA700FAC922 /* ViewAnimator in Frameworks */,
				CE3273AF2B20BB1B008379B4 /* FirebaseDatabase in Frameworks */,
				CE20983B2B6434E300330BA3 /* Kingfisher in Frameworks */,
				CE31D6012BC2DDE400DB8659 /* FirebaseAuth in Frameworks */,
				CECAEA1F2B14BF3A0063DFD0 /* FirebaseAnalytics in Frameworks */,
				CEBCA9A62B1FD5050048E4FF /* FirebaseFirestore in Frameworks */,
				CE33E9F52B3A0F9800304141 /* NukeExtensions in Frameworks */,
			);
			runOnlyForDeploymentPostprocessing = 0;
		};
		CECAE9FB2B14BD260063DFD0 /* Frameworks */ = {
			isa = PBXFrameworksBuildPhase;
			buildActionMask = 2147483647;
			files = (
			);
			runOnlyForDeploymentPostprocessing = 0;
		};
		CECAEA052B14BD260063DFD0 /* Frameworks */ = {
			isa = PBXFrameworksBuildPhase;
			buildActionMask = 2147483647;
			files = (
			);
			runOnlyForDeploymentPostprocessing = 0;
		};
/* End PBXFrameworksBuildPhase section */

/* Begin PBXGroup section */
		CE1D890E2B8544170002E914 /* auth */ = {
			isa = PBXGroup;
			children = (
			);
			path = auth;
			sourceTree = "<group>";
		};
		CE31D6022BC2EC3100DB8659 /* profile */ = {
			isa = PBXGroup;
			children = (
				CE31D6032BC2EC4100DB8659 /* ProfileController.swift */,
			);
			path = profile;
			sourceTree = "<group>";
		};
		CE436ED92B7EB0AF0025D89E /* images  */ = {
			isa = PBXGroup;
			children = (
				CE41F18F2B799DD400C10337 /* beetle-launching.png */,
				CE41F1932B79A07400C10337 /* app-icon.png */,
				CEF9C7A22B7A5624009FD090 /* loading-beetle.png */,
				CE41F1912B799F3100C10337 /* beetle-logo-black.png */,
			);
			path = "images ";
			sourceTree = "<group>";
		};
		CE436EDA2B7EB1100025D89E /* collections */ = {
			isa = PBXGroup;
			children = (
				CE9AF5662B6066A900F0D3E4 /* BeetleColletionCell.swift */,
				CE9AF5642B6065EC00F0D3E4 /* BeetlesCollectionController.swift */,
			);
			path = collections;
			sourceTree = "<group>";
		};
		CE436EDB2B7EB24B0025D89E /* animations */ = {
			isa = PBXGroup;
			children = (
				CE7E98252B850B2400A145BA /* swipe-example.json */,
				CEC80B1D2B699CF60068526C /* learn-new.json */,
			);
			path = animations;
			sourceTree = "<group>";
		};
		CE436EDC2B7EB3430025D89E /* mapping */ = {
			isa = PBXGroup;
			children = (
				CE0532582B2387200038ECC5 /* BeetlesMapper.swift */,
			);
			path = mapping;
			sourceTree = "<group>";
		};
		CE436EDD2B7EB35C0025D89E /* storyboards */ = {
			isa = PBXGroup;
			children = (
				CECAE9F62B14BD260063DFD0 /* LaunchScreen.storyboard */,
				CECAE9F12B14BD240063DFD0 /* Main.storyboard */,
			);
			path = storyboards;
			sourceTree = "<group>";
		};
		CE436EDE2B7EB47F0025D89E /* navigatedControllers */ = {
			isa = PBXGroup;
			children = (
				CE7E98272B851DA000A145BA /* NavigatedBeetleViewControllerFromTableVIew.swift */,
				CEC80B1B2B6997F50068526C /* AboutUsPageController.swift */,
				CE9AF5682B60685200F0D3E4 /* NavigatedBeetlesInfo.swift */,
				CEB8EA6E2BCC5CE100178CE9 /* DiscoverController.swift */,
				CE7230F02BCF1C10000DC255 /* InfoHowToSaveController.swift */,
			);
			path = navigatedControllers;
			sourceTree = "<group>";
		};
		CE436EDF2B7EB4A00025D89E /* other */ = {
			isa = PBXGroup;
			children = (
				CEFB50862B62B6E8000D634A /* InforAboutNewContentTabBar.swift */,
				CECAE9EB2B14BD240063DFD0 /* AppDelegate.swift */,
				CECAE9ED2B14BD240063DFD0 /* SceneDelegate.swift */,
			);
			path = other;
			sourceTree = "<group>";
		};
		CE436EE02B7EB4B30025D89E /* abstractions */ = {
			isa = PBXGroup;
			children = (
				CE9FA6692B814AED0023DBD0 /* fetchingImage.swift */,
				CEFDBB5D2B6BDB980067371A /* TitlleNavigatedItem.swift */,
			);
			path = abstractions;
			sourceTree = "<group>";
		};
		CE7E98242B85067D00A145BA /* tables */ = {
			isa = PBXGroup;
			children = (
				CE9FA6642B813CA30023DBD0 /* BeetleTableVIewCell.swift */,
				CE9FA6622B813B040023DBD0 /* SavedBeetleController.swift */,
			);
			path = tables;
			sourceTree = "<group>";
		};
		CE91AAF72BA789D7007A11A9 /* swiper */ = {
			isa = PBXGroup;
			children = (
				CE91AAFA2BA78A11007A11A9 /* screens */,
				CE91AAF82BA789EA007A11A9 /* PageViewController.swift */,
				CE91AAFD2BA78A6B007A11A9 /* InfoScreen.swift */,
			);
			path = swiper;
			sourceTree = "<group>";
		};
		CE91AAFA2BA78A11007A11A9 /* screens */ = {
			isa = PBXGroup;
			children = (
				CE91AAFB2BA78A24007A11A9 /* FirstPage.swift */,
				CE91AAFF2BA79061007A11A9 /* SecondViewController.swift */,
			);
			path = screens;
			sourceTree = "<group>";
		};
		CEBCA9A42B1FD5050048E4FF /* Frameworks */ = {
			isa = PBXGroup;
			children = (
			);
			name = Frameworks;
			sourceTree = "<group>";
		};
		CEBE556F2BB9B48B00FAC922 /* registration */ = {
			isa = PBXGroup;
			children = (
				CEBE55702BB9B4A300FAC922 /* RegistrationController.swift */,
				CE31D5FE2BC2DAA300DB8659 /* LogInController.swift */,
			);
			path = registration;
			sourceTree = "<group>";
		};
		CECAE9DF2B14BD240063DFD0 = {
			isa = PBXGroup;
			children = (
				CECAE9EA2B14BD240063DFD0 /* Bomk */,
				CECAEA012B14BD260063DFD0 /* BomkTests */,
				CECAEA0B2B14BD260063DFD0 /* BomkUITests */,
				CECAE9E92B14BD240063DFD0 /* Products */,
				CEBCA9A42B1FD5050048E4FF /* Frameworks */,
			);
			sourceTree = "<group>";
		};
		CECAE9E92B14BD240063DFD0 /* Products */ = {
			isa = PBXGroup;
			children = (
				CECAE9E82B14BD240063DFD0 /* Bomk.app */,
				CECAE9FE2B14BD260063DFD0 /* BomkTests.xctest */,
				CECAEA082B14BD260063DFD0 /* BomkUITests.xctest */,
			);
			name = Products;
			sourceTree = "<group>";
		};
		CECAE9EA2B14BD240063DFD0 /* Bomk */ = {
			isa = PBXGroup;
			children = (
				CE31D6022BC2EC3100DB8659 /* profile */,
				CEBE556F2BB9B48B00FAC922 /* registration */,
				CE91AAF72BA789D7007A11A9 /* swiper */,
				CE1D890E2B8544170002E914 /* auth */,
				CE7E98242B85067D00A145BA /* tables */,
				CE436EE02B7EB4B30025D89E /* abstractions */,
				CE436EDF2B7EB4A00025D89E /* other */,
				CE436EDE2B7EB47F0025D89E /* navigatedControllers */,
				CE436EDD2B7EB35C0025D89E /* storyboards */,
				CE436EDC2B7EB3430025D89E /* mapping */,
				CE436EDB2B7EB24B0025D89E /* animations */,
				CE436EDA2B7EB1100025D89E /* collections */,
				CE436ED92B7EB0AF0025D89E /* images  */,
				CECAE9F42B14BD260063DFD0 /* Assets.xcassets */,
				CECAE9F92B14BD260063DFD0 /* Info.plist */,
				CECAEA1B2B14BDB00063DFD0 /* GoogleService-Info.plist */,
			);
			path = Bomk;
			sourceTree = "<group>";
		};
		CECAEA012B14BD260063DFD0 /* BomkTests */ = {
			isa = PBXGroup;
			children = (
				CECAEA022B14BD260063DFD0 /* BomkTests.swift */,
			);
			path = BomkTests;
			sourceTree = "<group>";
		};
		CECAEA0B2B14BD260063DFD0 /* BomkUITests */ = {
			isa = PBXGroup;
			children = (
				CECAEA0C2B14BD260063DFD0 /* BomkUITests.swift */,
				CECAEA0E2B14BD260063DFD0 /* BomkUITestsLaunchTests.swift */,
			);
			path = BomkUITests;
			sourceTree = "<group>";
		};
/* End PBXGroup section */

/* Begin PBXNativeTarget section */
		CECAE9E72B14BD240063DFD0 /* Bomk */ = {
			isa = PBXNativeTarget;
			buildConfigurationList = CECAEA122B14BD260063DFD0 /* Build configuration list for PBXNativeTarget "Bomk" */;
			buildPhases = (
				CECAE9E42B14BD240063DFD0 /* Sources */,
				CECAE9E52B14BD240063DFD0 /* Frameworks */,
				CECAE9E62B14BD240063DFD0 /* Resources */,
			);
			buildRules = (
			);
			dependencies = (
			);
			name = Bomk;
			packageProductDependencies = (
				CECAEA1E2B14BF3A0063DFD0 /* FirebaseAnalytics */,
				CEBCA9A52B1FD5050048E4FF /* FirebaseFirestore */,
				CE3273AE2B20BB1B008379B4 /* FirebaseDatabase */,
				CE05325B2B2388080038ECC5 /* ObjectMapper */,
				CE33E9F42B3A0F9800304141 /* NukeExtensions */,
				CE33E9F62B3A0F9800304141 /* NukeUI */,
				CE2098352B64154600330BA3 /* Nuke */,
				CE20983A2B6434E300330BA3 /* Kingfisher */,
				CE33C4C42B66E6C5003A057F /* Lottie */,
				CEBE556D2BB9ABA700FAC922 /* ViewAnimator */,
				CE31D6002BC2DDE400DB8659 /* FirebaseAuth */,
			);
			productName = Bomk;
			productReference = CECAE9E82B14BD240063DFD0 /* Bomk.app */;
			productType = "com.apple.product-type.application";
		};
		CECAE9FD2B14BD260063DFD0 /* BomkTests */ = {
			isa = PBXNativeTarget;
			buildConfigurationList = CECAEA152B14BD260063DFD0 /* Build configuration list for PBXNativeTarget "BomkTests" */;
			buildPhases = (
				CECAE9FA2B14BD260063DFD0 /* Sources */,
				CECAE9FB2B14BD260063DFD0 /* Frameworks */,
				CECAE9FC2B14BD260063DFD0 /* Resources */,
			);
			buildRules = (
			);
			dependencies = (
				CECAEA002B14BD260063DFD0 /* PBXTargetDependency */,
			);
			name = BomkTests;
			productName = BomkTests;
			productReference = CECAE9FE2B14BD260063DFD0 /* BomkTests.xctest */;
			productType = "com.apple.product-type.bundle.unit-test";
		};
		CECAEA072B14BD260063DFD0 /* BomkUITests */ = {
			isa = PBXNativeTarget;
			buildConfigurationList = CECAEA182B14BD260063DFD0 /* Build configuration list for PBXNativeTarget "BomkUITests" */;
			buildPhases = (
				CECAEA042B14BD260063DFD0 /* Sources */,
				CECAEA052B14BD260063DFD0 /* Frameworks */,
				CECAEA062B14BD260063DFD0 /* Resources */,
			);
			buildRules = (
			);
			dependencies = (
				CECAEA0A2B14BD260063DFD0 /* PBXTargetDependency */,
			);
			name = BomkUITests;
			productName = BomkUITests;
			productReference = CECAEA082B14BD260063DFD0 /* BomkUITests.xctest */;
			productType = "com.apple.product-type.bundle.ui-testing";
		};
/* End PBXNativeTarget section */

/* Begin PBXProject section */
		CECAE9E02B14BD240063DFD0 /* Project object */ = {
			isa = PBXProject;
			attributes = {
				BuildIndependentTargetsInParallel = 1;
				LastSwiftUpdateCheck = 1500;
				LastUpgradeCheck = 1500;
				TargetAttributes = {
					CECAE9E72B14BD240063DFD0 = {
						CreatedOnToolsVersion = 15.0.1;
					};
					CECAE9FD2B14BD260063DFD0 = {
						CreatedOnToolsVersion = 15.0.1;
						TestTargetID = CECAE9E72B14BD240063DFD0;
					};
					CECAEA072B14BD260063DFD0 = {
						CreatedOnToolsVersion = 15.0.1;
						TestTargetID = CECAE9E72B14BD240063DFD0;
					};
				};
			};
			buildConfigurationList = CECAE9E32B14BD240063DFD0 /* Build configuration list for PBXProject "Bomk" */;
			compatibilityVersion = "Xcode 14.0";
			developmentRegion = en;
			hasScannedForEncodings = 0;
			knownRegions = (
				en,
				Base,
			);
			mainGroup = CECAE9DF2B14BD240063DFD0;
			packageReferences = (
				CECAEA1D2B14BF3A0063DFD0 /* XCRemoteSwiftPackageReference "firebase-ios-sdk" */,
				CEEC456F2B1625B800F768F8 /* XCRemoteSwiftPackageReference "realm-swift" */,
				CE05325A2B2388080038ECC5 /* XCRemoteSwiftPackageReference "ObjectMapper" */,
				CE33E9F12B3A0F9800304141 /* XCRemoteSwiftPackageReference "Nuke" */,
				CE2098392B6434E300330BA3 /* XCRemoteSwiftPackageReference "Kingfisher" */,
				CE33C4C32B66E6C5003A057F /* XCRemoteSwiftPackageReference "lottie-ios" */,
				CEBE556C2BB9ABA700FAC922 /* XCRemoteSwiftPackageReference "ViewAnimator" */,
			);
			productRefGroup = CECAE9E92B14BD240063DFD0 /* Products */;
			projectDirPath = "";
			projectRoot = "";
			targets = (
				CECAE9E72B14BD240063DFD0 /* Bomk */,
				CECAE9FD2B14BD260063DFD0 /* BomkTests */,
				CECAEA072B14BD260063DFD0 /* BomkUITests */,
			);
		};
/* End PBXProject section */

/* Begin PBXResourcesBuildPhase section */
		CECAE9E62B14BD240063DFD0 /* Resources */ = {
			isa = PBXResourcesBuildPhase;
			buildActionMask = 2147483647;
			files = (
				CEF9C7A32B7A5624009FD090 /* loading-beetle.png in Resources */,
				CE41F1902B799DD400C10337 /* beetle-launching.png in Resources */,
				CECAE9F82B14BD260063DFD0 /* LaunchScreen.storyboard in Resources */,
				CE7E98262B850B2400A145BA /* swipe-example.json in Resources */,
				CE41F1922B799F3100C10337 /* beetle-logo-black.png in Resources */,
				CE41F1942B79A07400C10337 /* app-icon.png in Resources */,
				CECAEA1C2B14BDB00063DFD0 /* GoogleService-Info.plist in Resources */,
				CECAE9F52B14BD260063DFD0 /* Assets.xcassets in Resources */,
				CECAE9F32B14BD240063DFD0 /* Main.storyboard in Resources */,
				CEC80B1E2B699CF60068526C /* learn-new.json in Resources */,
			);
			runOnlyForDeploymentPostprocessing = 0;
		};
		CECAE9FC2B14BD260063DFD0 /* Resources */ = {
			isa = PBXResourcesBuildPhase;
			buildActionMask = 2147483647;
			files = (
			);
			runOnlyForDeploymentPostprocessing = 0;
		};
		CECAEA062B14BD260063DFD0 /* Resources */ = {
			isa = PBXResourcesBuildPhase;
			buildActionMask = 2147483647;
			files = (
			);
			runOnlyForDeploymentPostprocessing = 0;
		};
/* End PBXResourcesBuildPhase section */

/* Begin PBXSourcesBuildPhase section */
		CECAE9E42B14BD240063DFD0 /* Sources */ = {
			isa = PBXSourcesBuildPhase;
			buildActionMask = 2147483647;
			files = (
				CE7E98282B851DA000A145BA /* NavigatedBeetleViewControllerFromTableVIew.swift in Sources */,
				CE91AB002BA79061007A11A9 /* SecondViewController.swift in Sources */,
				CE91AAF92BA789EA007A11A9 /* PageViewController.swift in Sources */,
				CECAE9EC2B14BD240063DFD0 /* AppDelegate.swift in Sources */,
				CECAE9EE2B14BD240063DFD0 /* SceneDelegate.swift in Sources */,
				CE9FA6632B813B040023DBD0 /* SavedBeetleController.swift in Sources */,
				CEC80B1C2B6997F50068526C /* AboutUsPageController.swift in Sources */,
				CE9AF5652B6065EC00F0D3E4 /* BeetlesCollectionController.swift in Sources */,
				CEB8EA6F2BCC5CE200178CE9 /* DiscoverController.swift in Sources */,
				CE91AAFE2BA78A6B007A11A9 /* InfoScreen.swift in Sources */,
				CE9FA66A2B814AED0023DBD0 /* fetchingImage.swift in Sources */,
				CEBE55712BB9B4A300FAC922 /* RegistrationController.swift in Sources */,
				CEFDBB5E2B6BDB980067371A /* TitlleNavigatedItem.swift in Sources */,
				CE9AF5672B6066A900F0D3E4 /* BeetleColletionCell.swift in Sources */,
				CE9AF5692B60685200F0D3E4 /* NavigatedBeetlesInfo.swift in Sources */,
				CE31D5FF2BC2DAA300DB8659 /* LogInController.swift in Sources */,
				CE7230F12BCF1C10000DC255 /* InfoHowToSaveController.swift in Sources */,
				CE31D6042BC2EC4100DB8659 /* ProfileController.swift in Sources */,
				CE91AAFC2BA78A24007A11A9 /* FirstPage.swift in Sources */,
				CE0532592B2387200038ECC5 /* BeetlesMapper.swift in Sources */,
				CE9FA6652B813CA30023DBD0 /* BeetleTableVIewCell.swift in Sources */,
				CEFB50872B62B6E9000D634A /* InforAboutNewContentTabBar.swift in Sources */,
			);
			runOnlyForDeploymentPostprocessing = 0;
		};
		CECAE9FA2B14BD260063DFD0 /* Sources */ = {
			isa = PBXSourcesBuildPhase;
			buildActionMask = 2147483647;
			files = (
				CECAEA032B14BD260063DFD0 /* BomkTests.swift in Sources */,
			);
			runOnlyForDeploymentPostprocessing = 0;
		};
		CECAEA042B14BD260063DFD0 /* Sources */ = {
			isa = PBXSourcesBuildPhase;
			buildActionMask = 2147483647;
			files = (
				CECAEA0D2B14BD260063DFD0 /* BomkUITests.swift in Sources */,
				CECAEA0F2B14BD260063DFD0 /* BomkUITestsLaunchTests.swift in Sources */,
			);
			runOnlyForDeploymentPostprocessing = 0;
		};
/* End PBXSourcesBuildPhase section */

/* Begin PBXTargetDependency section */
		CECAEA002B14BD260063DFD0 /* PBXTargetDependency */ = {
			isa = PBXTargetDependency;
			target = CECAE9E72B14BD240063DFD0 /* Bomk */;
			targetProxy = CECAE9FF2B14BD260063DFD0 /* PBXContainerItemProxy */;
		};
		CECAEA0A2B14BD260063DFD0 /* PBXTargetDependency */ = {
			isa = PBXTargetDependency;
			target = CECAE9E72B14BD240063DFD0 /* Bomk */;
			targetProxy = CECAEA092B14BD260063DFD0 /* PBXContainerItemProxy */;
		};
/* End PBXTargetDependency section */

/* Begin PBXVariantGroup section */
		CECAE9F12B14BD240063DFD0 /* Main.storyboard */ = {
			isa = PBXVariantGroup;
			children = (
				CECAE9F22B14BD240063DFD0 /* Base */,
			);
			name = Main.storyboard;
			sourceTree = "<group>";
		};
		CECAE9F62B14BD260063DFD0 /* LaunchScreen.storyboard */ = {
			isa = PBXVariantGroup;
			children = (
				CECAE9F72B14BD260063DFD0 /* Base */,
			);
			name = LaunchScreen.storyboard;
			sourceTree = "<group>";
		};
/* End PBXVariantGroup section */

/* Begin XCBuildConfiguration section */
		CECAEA102B14BD260063DFD0 /* Debug */ = {
			isa = XCBuildConfiguration;
			buildSettings = {
				ALWAYS_SEARCH_USER_PATHS = NO;
				ASSETCATALOG_COMPILER_GENERATE_SWIFT_ASSET_SYMBOL_EXTENSIONS = YES;
				CLANG_ANALYZER_NONNULL = YES;
				CLANG_ANALYZER_NUMBER_OBJECT_CONVERSION = YES_AGGRESSIVE;
				CLANG_CXX_LANGUAGE_STANDARD = "gnu++20";
				CLANG_ENABLE_MODULES = YES;
				CLANG_ENABLE_OBJC_ARC = YES;
				CLANG_ENABLE_OBJC_WEAK = YES;
				CLANG_WARN_BLOCK_CAPTURE_AUTORELEASING = YES;
				CLANG_WARN_BOOL_CONVERSION = YES;
				CLANG_WARN_COMMA = YES;
				CLANG_WARN_CONSTANT_CONVERSION = YES;
				CLANG_WARN_DEPRECATED_OBJC_IMPLEMENTATIONS = YES;
				CLANG_WARN_DIRECT_OBJC_ISA_USAGE = YES_ERROR;
				CLANG_WARN_DOCUMENTATION_COMMENTS = YES;
				CLANG_WARN_EMPTY_BODY = YES;
				CLANG_WARN_ENUM_CONVERSION = YES;
				CLANG_WARN_INFINITE_RECURSION = YES;
				CLANG_WARN_INT_CONVERSION = YES;
				CLANG_WARN_NON_LITERAL_NULL_CONVERSION = YES;
				CLANG_WARN_OBJC_IMPLICIT_RETAIN_SELF = YES;
				CLANG_WARN_OBJC_LITERAL_CONVERSION = YES;
				CLANG_WARN_OBJC_ROOT_CLASS = YES_ERROR;
				CLANG_WARN_QUOTED_INCLUDE_IN_FRAMEWORK_HEADER = YES;
				CLANG_WARN_RANGE_LOOP_ANALYSIS = YES;
				CLANG_WARN_STRICT_PROTOTYPES = YES;
				CLANG_WARN_SUSPICIOUS_MOVE = YES;
				CLANG_WARN_UNGUARDED_AVAILABILITY = YES_AGGRESSIVE;
				CLANG_WARN_UNREACHABLE_CODE = YES;
				CLANG_WARN__DUPLICATE_METHOD_MATCH = YES;
				COPY_PHASE_STRIP = NO;
				DEBUG_INFORMATION_FORMAT = dwarf;
				ENABLE_STRICT_OBJC_MSGSEND = YES;
				ENABLE_TESTABILITY = YES;
				ENABLE_USER_SCRIPT_SANDBOXING = YES;
				GCC_C_LANGUAGE_STANDARD = gnu17;
				GCC_DYNAMIC_NO_PIC = NO;
				GCC_NO_COMMON_BLOCKS = YES;
				GCC_OPTIMIZATION_LEVEL = 0;
				GCC_PREPROCESSOR_DEFINITIONS = (
					"DEBUG=1",
					"$(inherited)",
				);
				GCC_WARN_64_TO_32_BIT_CONVERSION = YES;
				GCC_WARN_ABOUT_RETURN_TYPE = YES_ERROR;
				GCC_WARN_UNDECLARED_SELECTOR = YES;
				GCC_WARN_UNINITIALIZED_AUTOS = YES_AGGRESSIVE;
				GCC_WARN_UNUSED_FUNCTION = YES;
				GCC_WARN_UNUSED_VARIABLE = YES;
				IPHONEOS_DEPLOYMENT_TARGET = 17.0;
				LOCALIZATION_PREFERS_STRING_CATALOGS = YES;
				MTL_ENABLE_DEBUG_INFO = INCLUDE_SOURCE;
				MTL_FAST_MATH = YES;
				ONLY_ACTIVE_ARCH = YES;
				SDKROOT = iphoneos;
				SWIFT_ACTIVE_COMPILATION_CONDITIONS = "DEBUG $(inherited)";
				SWIFT_OPTIMIZATION_LEVEL = "-Onone";
			};
			name = Debug;
		};
		CECAEA112B14BD260063DFD0 /* Release */ = {
			isa = XCBuildConfiguration;
			buildSettings = {
				ALWAYS_SEARCH_USER_PATHS = NO;
				ASSETCATALOG_COMPILER_GENERATE_SWIFT_ASSET_SYMBOL_EXTENSIONS = YES;
				CLANG_ANALYZER_NONNULL = YES;
				CLANG_ANALYZER_NUMBER_OBJECT_CONVERSION = YES_AGGRESSIVE;
				CLANG_CXX_LANGUAGE_STANDARD = "gnu++20";
				CLANG_ENABLE_MODULES = YES;
				CLANG_ENABLE_OBJC_ARC = YES;
				CLANG_ENABLE_OBJC_WEAK = YES;
				CLANG_WARN_BLOCK_CAPTURE_AUTORELEASING = YES;
				CLANG_WARN_BOOL_CONVERSION = YES;
				CLANG_WARN_COMMA = YES;
				CLANG_WARN_CONSTANT_CONVERSION = YES;
				CLANG_WARN_DEPRECATED_OBJC_IMPLEMENTATIONS = YES;
				CLANG_WARN_DIRECT_OBJC_ISA_USAGE = YES_ERROR;
				CLANG_WARN_DOCUMENTATION_COMMENTS = YES;
				CLANG_WARN_EMPTY_BODY = YES;
				CLANG_WARN_ENUM_CONVERSION = YES;
				CLANG_WARN_INFINITE_RECURSION = YES;
				CLANG_WARN_INT_CONVERSION = YES;
				CLANG_WARN_NON_LITERAL_NULL_CONVERSION = YES;
				CLANG_WARN_OBJC_IMPLICIT_RETAIN_SELF = YES;
				CLANG_WARN_OBJC_LITERAL_CONVERSION = YES;
				CLANG_WARN_OBJC_ROOT_CLASS = YES_ERROR;
				CLANG_WARN_QUOTED_INCLUDE_IN_FRAMEWORK_HEADER = YES;
				CLANG_WARN_RANGE_LOOP_ANALYSIS = YES;
				CLANG_WARN_STRICT_PROTOTYPES = YES;
				CLANG_WARN_SUSPICIOUS_MOVE = YES;
				CLANG_WARN_UNGUARDED_AVAILABILITY = YES_AGGRESSIVE;
				CLANG_WARN_UNREACHABLE_CODE = YES;
				CLANG_WARN__DUPLICATE_METHOD_MATCH = YES;
				COPY_PHASE_STRIP = NO;
				DEBUG_INFORMATION_FORMAT = "dwarf-with-dsym";
				ENABLE_NS_ASSERTIONS = NO;
				ENABLE_STRICT_OBJC_MSGSEND = YES;
				ENABLE_USER_SCRIPT_SANDBOXING = YES;
				GCC_C_LANGUAGE_STANDARD = gnu17;
				GCC_NO_COMMON_BLOCKS = YES;
				GCC_WARN_64_TO_32_BIT_CONVERSION = YES;
				GCC_WARN_ABOUT_RETURN_TYPE = YES_ERROR;
				GCC_WARN_UNDECLARED_SELECTOR = YES;
				GCC_WARN_UNINITIALIZED_AUTOS = YES_AGGRESSIVE;
				GCC_WARN_UNUSED_FUNCTION = YES;
				GCC_WARN_UNUSED_VARIABLE = YES;
				IPHONEOS_DEPLOYMENT_TARGET = 17.0;
				LOCALIZATION_PREFERS_STRING_CATALOGS = YES;
				MTL_ENABLE_DEBUG_INFO = NO;
				MTL_FAST_MATH = YES;
				SDKROOT = iphoneos;
				SWIFT_COMPILATION_MODE = wholemodule;
				VALIDATE_PRODUCT = YES;
			};
			name = Release;
		};
		CECAEA132B14BD260063DFD0 /* Debug */ = {
			isa = XCBuildConfiguration;
			buildSettings = {
				ASSETCATALOG_COMPILER_APPICON_NAME = AppIcon;
				ASSETCATALOG_COMPILER_GLOBAL_ACCENT_COLOR_NAME = AccentColor;
				CODE_SIGN_STYLE = Automatic;
				CURRENT_PROJECT_VERSION = 1;
				DEVELOPMENT_TEAM = V9HJ4JCC4T;
				GENERATE_INFOPLIST_FILE = YES;
				INFOPLIST_FILE = Bomk/Info.plist;
				INFOPLIST_KEY_UIApplicationSupportsIndirectInputEvents = YES;
				INFOPLIST_KEY_UILaunchStoryboardName = LaunchScreen;
				INFOPLIST_KEY_UIMainStoryboardFile = Main;
				INFOPLIST_KEY_UIStatusBarStyle = "";
				INFOPLIST_KEY_UISupportedInterfaceOrientations = UIInterfaceOrientationPortrait;
				IPHONEOS_DEPLOYMENT_TARGET = 16.0;
				LD_RUNPATH_SEARCH_PATHS = (
					"$(inherited)",
					"@executable_path/Frameworks",
				);
				MARKETING_VERSION = 1.0;
				PRODUCT_BUNDLE_IDENTIFIER = Yaroslav.Bomk;
				PRODUCT_NAME = "$(TARGET_NAME)";
				SUPPORTED_PLATFORMS = "iphoneos iphonesimulator";
				SUPPORTS_MACCATALYST = NO;
				SUPPORTS_MAC_DESIGNED_FOR_IPHONE_IPAD = NO;
				SWIFT_EMIT_LOC_STRINGS = YES;
				SWIFT_VERSION = 5.0;
				TARGETED_DEVICE_FAMILY = 1;
			};
			name = Debug;
		};
		CECAEA142B14BD260063DFD0 /* Release */ = {
			isa = XCBuildConfiguration;
			buildSettings = {
				ASSETCATALOG_COMPILER_APPICON_NAME = AppIcon;
				ASSETCATALOG_COMPILER_GLOBAL_ACCENT_COLOR_NAME = AccentColor;
				CODE_SIGN_STYLE = Automatic;
				CURRENT_PROJECT_VERSION = 1;
				DEVELOPMENT_TEAM = V9HJ4JCC4T;
				GENERATE_INFOPLIST_FILE = YES;
				INFOPLIST_FILE = Bomk/Info.plist;
				INFOPLIST_KEY_UIApplicationSupportsIndirectInputEvents = YES;
				INFOPLIST_KEY_UILaunchStoryboardName = LaunchScreen;
				INFOPLIST_KEY_UIMainStoryboardFile = Main;
				INFOPLIST_KEY_UIStatusBarStyle = "";
				INFOPLIST_KEY_UISupportedInterfaceOrientations = UIInterfaceOrientationPortrait;
				IPHONEOS_DEPLOYMENT_TARGET = 16.0;
				LD_RUNPATH_SEARCH_PATHS = (
					"$(inherited)",
					"@executable_path/Frameworks",
				);
				MARKETING_VERSION = 1.0;
				PRODUCT_BUNDLE_IDENTIFIER = Yaroslav.Bomk;
				PRODUCT_NAME = "$(TARGET_NAME)";
				SUPPORTED_PLATFORMS = "iphoneos iphonesimulator";
				SUPPORTS_MACCATALYST = NO;
				SUPPORTS_MAC_DESIGNED_FOR_IPHONE_IPAD = NO;
				SWIFT_EMIT_LOC_STRINGS = YES;
				SWIFT_VERSION = 5.0;
				TARGETED_DEVICE_FAMILY = 1;
			};
			name = Release;
		};
		CECAEA162B14BD260063DFD0 /* Debug */ = {
			isa = XCBuildConfiguration;
			buildSettings = {
				ALWAYS_EMBED_SWIFT_STANDARD_LIBRARIES = YES;
				BUNDLE_LOADER = "$(TEST_HOST)";
				CODE_SIGN_STYLE = Automatic;
				CURRENT_PROJECT_VERSION = 1;
				DEVELOPMENT_TEAM = V9HJ4JCC4T;
				GENERATE_INFOPLIST_FILE = YES;
				IPHONEOS_DEPLOYMENT_TARGET = 17.0;
				MARKETING_VERSION = 1.0;
				PRODUCT_BUNDLE_IDENTIFIER = Yaroslav.BomkTests;
				PRODUCT_NAME = "$(TARGET_NAME)";
				SWIFT_EMIT_LOC_STRINGS = NO;
				SWIFT_VERSION = 5.0;
				TARGETED_DEVICE_FAMILY = "1,2";
				TEST_HOST = "$(BUILT_PRODUCTS_DIR)/Bomk.app/$(BUNDLE_EXECUTABLE_FOLDER_PATH)/Bomk";
			};
			name = Debug;
		};
		CECAEA172B14BD260063DFD0 /* Release */ = {
			isa = XCBuildConfiguration;
			buildSettings = {
				ALWAYS_EMBED_SWIFT_STANDARD_LIBRARIES = YES;
				BUNDLE_LOADER = "$(TEST_HOST)";
				CODE_SIGN_STYLE = Automatic;
				CURRENT_PROJECT_VERSION = 1;
				DEVELOPMENT_TEAM = V9HJ4JCC4T;
				GENERATE_INFOPLIST_FILE = YES;
				IPHONEOS_DEPLOYMENT_TARGET = 17.0;
				MARKETING_VERSION = 1.0;
				PRODUCT_BUNDLE_IDENTIFIER = Yaroslav.BomkTests;
				PRODUCT_NAME = "$(TARGET_NAME)";
				SWIFT_EMIT_LOC_STRINGS = NO;
				SWIFT_VERSION = 5.0;
				TARGETED_DEVICE_FAMILY = "1,2";
				TEST_HOST = "$(BUILT_PRODUCTS_DIR)/Bomk.app/$(BUNDLE_EXECUTABLE_FOLDER_PATH)/Bomk";
			};
			name = Release;
		};
		CECAEA192B14BD260063DFD0 /* Debug */ = {
			isa = XCBuildConfiguration;
			buildSettings = {
				ALWAYS_EMBED_SWIFT_STANDARD_LIBRARIES = YES;
				CODE_SIGN_STYLE = Automatic;
				CURRENT_PROJECT_VERSION = 1;
				DEVELOPMENT_TEAM = V9HJ4JCC4T;
				GENERATE_INFOPLIST_FILE = YES;
				MARKETING_VERSION = 1.0;
				PRODUCT_BUNDLE_IDENTIFIER = Yaroslav.BomkUITests;
				PRODUCT_NAME = "$(TARGET_NAME)";
				SWIFT_EMIT_LOC_STRINGS = NO;
				SWIFT_VERSION = 5.0;
				TARGETED_DEVICE_FAMILY = "1,2";
				TEST_TARGET_NAME = Bomk;
			};
			name = Debug;
		};
		CECAEA1A2B14BD260063DFD0 /* Release */ = {
			isa = XCBuildConfiguration;
			buildSettings = {
				ALWAYS_EMBED_SWIFT_STANDARD_LIBRARIES = YES;
				CODE_SIGN_STYLE = Automatic;
				CURRENT_PROJECT_VERSION = 1;
				DEVELOPMENT_TEAM = V9HJ4JCC4T;
				GENERATE_INFOPLIST_FILE = YES;
				MARKETING_VERSION = 1.0;
				PRODUCT_BUNDLE_IDENTIFIER = Yaroslav.BomkUITests;
				PRODUCT_NAME = "$(TARGET_NAME)";
				SWIFT_EMIT_LOC_STRINGS = NO;
				SWIFT_VERSION = 5.0;
				TARGETED_DEVICE_FAMILY = "1,2";
				TEST_TARGET_NAME = Bomk;
			};
			name = Release;
		};
/* End XCBuildConfiguration section */

/* Begin XCConfigurationList section */
		CECAE9E32B14BD240063DFD0 /* Build configuration list for PBXProject "Bomk" */ = {
			isa = XCConfigurationList;
			buildConfigurations = (
				CECAEA102B14BD260063DFD0 /* Debug */,
				CECAEA112B14BD260063DFD0 /* Release */,
			);
			defaultConfigurationIsVisible = 0;
			defaultConfigurationName = Release;
		};
		CECAEA122B14BD260063DFD0 /* Build configuration list for PBXNativeTarget "Bomk" */ = {
			isa = XCConfigurationList;
			buildConfigurations = (
				CECAEA132B14BD260063DFD0 /* Debug */,
				CECAEA142B14BD260063DFD0 /* Release */,
			);
			defaultConfigurationIsVisible = 0;
			defaultConfigurationName = Release;
		};
		CECAEA152B14BD260063DFD0 /* Build configuration list for PBXNativeTarget "BomkTests" */ = {
			isa = XCConfigurationList;
			buildConfigurations = (
				CECAEA162B14BD260063DFD0 /* Debug */,
				CECAEA172B14BD260063DFD0 /* Release */,
			);
			defaultConfigurationIsVisible = 0;
			defaultConfigurationName = Release;
		};
		CECAEA182B14BD260063DFD0 /* Build configuration list for PBXNativeTarget "BomkUITests" */ = {
			isa = XCConfigurationList;
			buildConfigurations = (
				CECAEA192B14BD260063DFD0 /* Debug */,
				CECAEA1A2B14BD260063DFD0 /* Release */,
			);
			defaultConfigurationIsVisible = 0;
			defaultConfigurationName = Release;
		};
/* End XCConfigurationList section */

/* Begin XCRemoteSwiftPackageReference section */
		CE05325A2B2388080038ECC5 /* XCRemoteSwiftPackageReference "ObjectMapper" */ = {
			isa = XCRemoteSwiftPackageReference;
			repositoryURL = "https://github.com/tristanhimmelman/ObjectMapper.git";
			requirement = {
				kind = upToNextMajorVersion;
				minimumVersion = 4.2.0;
			};
		};
		CE2098392B6434E300330BA3 /* XCRemoteSwiftPackageReference "Kingfisher" */ = {
			isa = XCRemoteSwiftPackageReference;
			repositoryURL = "https://github.com/onevcat/Kingfisher.git";
			requirement = {
				kind = upToNextMajorVersion;
				minimumVersion = 7.10.2;
			};
		};
		CE33C4C32B66E6C5003A057F /* XCRemoteSwiftPackageReference "lottie-ios" */ = {
			isa = XCRemoteSwiftPackageReference;
			repositoryURL = "https://github.com/airbnb/lottie-ios.git";
			requirement = {
				kind = upToNextMajorVersion;
				minimumVersion = 4.4.0;
			};
		};
		CE33E9F12B3A0F9800304141 /* XCRemoteSwiftPackageReference "Nuke" */ = {
			isa = XCRemoteSwiftPackageReference;
			repositoryURL = "https://github.com/kean/Nuke.git";
			requirement = {
				kind = upToNextMajorVersion;
				minimumVersion = 12.2.0;
			};
		};
		CEBE556C2BB9ABA700FAC922 /* XCRemoteSwiftPackageReference "ViewAnimator" */ = {
			isa = XCRemoteSwiftPackageReference;
			repositoryURL = "https://github.com/marcosgriselli/ViewAnimator.git";
			requirement = {
				kind = upToNextMajorVersion;
				minimumVersion = 3.1.0;
			};
		};
		CECAEA1D2B14BF3A0063DFD0 /* XCRemoteSwiftPackageReference "firebase-ios-sdk" */ = {
			isa = XCRemoteSwiftPackageReference;
			repositoryURL = "https://github.com/firebase/firebase-ios-sdk";
			requirement = {
				kind = upToNextMajorVersion;
				minimumVersion = 10.18.0;
			};
		};
		CEEC456F2B1625B800F768F8 /* XCRemoteSwiftPackageReference "realm-swift" */ = {
			isa = XCRemoteSwiftPackageReference;
			repositoryURL = "https://github.com/realm/realm-swift.git";
			requirement = {
				branch = master;
				kind = branch;
			};
		};
/* End XCRemoteSwiftPackageReference section */

/* Begin XCSwiftPackageProductDependency section */
		CE05325B2B2388080038ECC5 /* ObjectMapper */ = {
			isa = XCSwiftPackageProductDependency;
			package = CE05325A2B2388080038ECC5 /* XCRemoteSwiftPackageReference "ObjectMapper" */;
			productName = ObjectMapper;
		};
		CE2098352B64154600330BA3 /* Nuke */ = {
			isa = XCSwiftPackageProductDependency;
			package = CE33E9F12B3A0F9800304141 /* XCRemoteSwiftPackageReference "Nuke" */;
			productName = Nuke;
		};
		CE20983A2B6434E300330BA3 /* Kingfisher */ = {
			isa = XCSwiftPackageProductDependency;
			package = CE2098392B6434E300330BA3 /* XCRemoteSwiftPackageReference "Kingfisher" */;
			productName = Kingfisher;
		};
		CE31D6002BC2DDE400DB8659 /* FirebaseAuth */ = {
			isa = XCSwiftPackageProductDependency;
			package = CECAEA1D2B14BF3A0063DFD0 /* XCRemoteSwiftPackageReference "firebase-ios-sdk" */;
			productName = FirebaseAuth;
		};
		CE3273AE2B20BB1B008379B4 /* FirebaseDatabase */ = {
			isa = XCSwiftPackageProductDependency;
			package = CECAEA1D2B14BF3A0063DFD0 /* XCRemoteSwiftPackageReference "firebase-ios-sdk" */;
			productName = FirebaseDatabase;
		};
		CE33C4C42B66E6C5003A057F /* Lottie */ = {
			isa = XCSwiftPackageProductDependency;
			package = CE33C4C32B66E6C5003A057F /* XCRemoteSwiftPackageReference "lottie-ios" */;
			productName = Lottie;
		};
		CE33E9F42B3A0F9800304141 /* NukeExtensions */ = {
			isa = XCSwiftPackageProductDependency;
			package = CE33E9F12B3A0F9800304141 /* XCRemoteSwiftPackageReference "Nuke" */;
			productName = NukeExtensions;
		};
		CE33E9F62B3A0F9800304141 /* NukeUI */ = {
			isa = XCSwiftPackageProductDependency;
			package = CE33E9F12B3A0F9800304141 /* XCRemoteSwiftPackageReference "Nuke" */;
			productName = NukeUI;
		};
		CEBCA9A52B1FD5050048E4FF /* FirebaseFirestore */ = {
			isa = XCSwiftPackageProductDependency;
			package = CECAEA1D2B14BF3A0063DFD0 /* XCRemoteSwiftPackageReference "firebase-ios-sdk" */;
			productName = FirebaseFirestore;
		};
		CEBE556D2BB9ABA700FAC922 /* ViewAnimator */ = {
			isa = XCSwiftPackageProductDependency;
			package = CEBE556C2BB9ABA700FAC922 /* XCRemoteSwiftPackageReference "ViewAnimator" */;
			productName = ViewAnimator;
		};
		CECAEA1E2B14BF3A0063DFD0 /* FirebaseAnalytics */ = {
			isa = XCSwiftPackageProductDependency;
			package = CECAEA1D2B14BF3A0063DFD0 /* XCRemoteSwiftPackageReference "firebase-ios-sdk" */;
			productName = FirebaseAnalytics;
		};
/* End XCSwiftPackageProductDependency section */
	};
	rootObject = CECAE9E02B14BD240063DFD0 /* Project object */;
}
